
Microsoft Visual Studio Solution File, Format Version 12.00
# Visual Studio 14
VisualStudioVersion = 14.0.24720.0
MinimumVisualStudioVersion = 10.0.40219.1
Project("{F2A71F9B-5D33-465A-A702-920D77279786}") = "CurveFollow", "CurveFollow\CurveFollow.fsproj", "{50601139-7701-46EA-82C7-6D13002B54F7}"
EndProject
Project("{2150E333-8FDC-42A3-9474-1A3956D46DE8}") = "8. Programs", "8. Programs", "{C86D652E-FA2B-49F0-B538-7BC16C0997ED}"
EndProject
Project("{F2A71F9B-5D33-465A-A702-920D77279786}") = "Play1", "Play1\Play1.fsproj", "{D590E2CD-AE9D-4A03-A81F-2D45C42C1535}"
EndProject
Project("{2150E333-8FDC-42A3-9474-1A3956D46DE8}") = "1. Deep.Net", "1. Deep.Net", "{A974CAE4-E95E-4DC9-8B7A-6CC09F1642C5}"
EndProject
Project("{F2A71F9B-5D33-465A-A702-920D77279786}") = "Tensor", "DeepNet\Tensor\Tensor.fsproj", "{82DE3BAE-BCEC-4DF8-9C46-07B7FAF4E31A}"
EndProject
Project("{F2A71F9B-5D33-465A-A702-920D77279786}") = "SymTensor", "DeepNet\SymTensor\SymTensor.fsproj", "{2E96A03E-7031-43C3-AEEE-B9C9DC543448}"
EndProject
Project("{8BC9CEB8-8B4A-11D0-8D11-00A0C91BC942}") = "SymTensorCudaSup", "DeepNet\SymTensorCudaSup\SymTensorCudaSup.vcxproj", "{D746A1DB-9C71-4B76-B184-A38031879282}"
EndProject
Project("{F2A71F9B-5D33-465A-A702-920D77279786}") = "SymTensorCuda", "DeepNet\SymTensorCuda\SymTensorCuda.fsproj", "{816E58DA-85A0-4272-B042-682BC6F0AA5B}"
EndProject
Project("{F2A71F9B-5D33-465A-A702-920D77279786}") = "MLModels", "DeepNet\MLModels\MLModels.fsproj", "{28168025-4211-4DE2-BB66-B267378F74A7}"
EndProject
Project("{F2A71F9B-5D33-465A-A702-920D77279786}") = "MLOptimizers", "DeepNet\MLOptimizers\MLOptimizers.fsproj", "{C6EA7C8A-C74F-44DF-828B-7C16B8A06329}"
EndProject
Project("{F2A71F9B-5D33-465A-A702-920D77279786}") = "MLDatasets", "DeepNet\MLDatasets\MLDatasets.fsproj", "{4E45833F-2658-465E-BB71-03400BBA5534}"
EndProject
Project("{F2A71F9B-5D33-465A-A702-920D77279786}") = "RPlotTools", "DeepNet\RPlotTools\RPlotTools.fsproj", "{BDB5D832-BC10-4B8F-BDE0-7142646AA9CF}"
EndProject
Project("{F2A71F9B-5D33-465A-A702-920D77279786}") = "AllTests", "DeepNet\AllTests\AllTests.fsproj", "{D5CD7EC0-FB57-4CBA-89E8-43E101D23CED}"
EndProject
Project("{2150E333-8FDC-42A3-9474-1A3956D46DE8}") = "2. BRMLDrivers", "2. BRMLDrivers", "{B68B0A9D-8DA9-4549-AE4F-44404C19110D}"
EndProject
Project("{F2A71F9B-5D33-465A-A702-920D77279786}") = "SampleRecorder", "BRMLDrivers\SampleRecorder\SampleRecorder.fsproj", "{98927E06-36B9-4274-8FBE-A3AA7C774467}"
EndProject
Project("{F2A71F9B-5D33-465A-A702-920D77279786}") = "SampleRecorderTests", "BRMLDrivers\SampleRecorderTests\SampleRecorderTests.fsproj", "{AC48FA6F-F041-497A-BF6E-242B2C22C8E8}"
EndProject
Project("{F2A71F9B-5D33-465A-A702-920D77279786}") = "BRMLDrivers", "BRMLDrivers\BRMLDrivers\BRMLDrivers.fsproj", "{E50402F9-C245-4E5D-AECA-1CF1E1920237}"
EndProject
Global
	GlobalSection(SolutionConfigurationPlatforms) = preSolution
		Debug|Any CPU = Debug|Any CPU
		Debug|x64 = Debug|x64
		Release|Any CPU = Release|Any CPU
		Release|x64 = Release|x64
	EndGlobalSection
	GlobalSection(ProjectConfigurationPlatforms) = postSolution
		{50601139-7701-46EA-82C7-6D13002B54F7}.Debug|Any CPU.ActiveCfg = Debug|x64
		{50601139-7701-46EA-82C7-6D13002B54F7}.Debug|x64.ActiveCfg = Debug|x64
		{50601139-7701-46EA-82C7-6D13002B54F7}.Debug|x64.Build.0 = Debug|x64
		{50601139-7701-46EA-82C7-6D13002B54F7}.Release|Any CPU.ActiveCfg = Release|x64
		{50601139-7701-46EA-82C7-6D13002B54F7}.Release|x64.ActiveCfg = Release|x64
		{50601139-7701-46EA-82C7-6D13002B54F7}.Release|x64.Build.0 = Release|x64
		{D590E2CD-AE9D-4A03-A81F-2D45C42C1535}.Debug|Any CPU.ActiveCfg = Debug|Any CPU
		{D590E2CD-AE9D-4A03-A81F-2D45C42C1535}.Debug|Any CPU.Build.0 = Debug|Any CPU
		{D590E2CD-AE9D-4A03-A81F-2D45C42C1535}.Debug|x64.ActiveCfg = Debug|x64
		{D590E2CD-AE9D-4A03-A81F-2D45C42C1535}.Debug|x64.Build.0 = Debug|x64
		{D590E2CD-AE9D-4A03-A81F-2D45C42C1535}.Release|Any CPU.ActiveCfg = Release|Any CPU
		{D590E2CD-AE9D-4A03-A81F-2D45C42C1535}.Release|Any CPU.Build.0 = Release|Any CPU
		{D590E2CD-AE9D-4A03-A81F-2D45C42C1535}.Release|x64.ActiveCfg = Release|x64
		{D590E2CD-AE9D-4A03-A81F-2D45C42C1535}.Release|x64.Build.0 = Release|x64
		{82DE3BAE-BCEC-4DF8-9C46-07B7FAF4E31A}.Debug|Any CPU.ActiveCfg = Debug|Any CPU
		{82DE3BAE-BCEC-4DF8-9C46-07B7FAF4E31A}.Debug|Any CPU.Build.0 = Debug|Any CPU
		{82DE3BAE-BCEC-4DF8-9C46-07B7FAF4E31A}.Debug|x64.ActiveCfg = Debug|x64
		{82DE3BAE-BCEC-4DF8-9C46-07B7FAF4E31A}.Debug|x64.Build.0 = Debug|x64
		{82DE3BAE-BCEC-4DF8-9C46-07B7FAF4E31A}.Release|Any CPU.ActiveCfg = Release|Any CPU
		{82DE3BAE-BCEC-4DF8-9C46-07B7FAF4E31A}.Release|Any CPU.Build.0 = Release|Any CPU
		{82DE3BAE-BCEC-4DF8-9C46-07B7FAF4E31A}.Release|x64.ActiveCfg = Release|x64
		{82DE3BAE-BCEC-4DF8-9C46-07B7FAF4E31A}.Release|x64.Build.0 = Release|x64
		{2E96A03E-7031-43C3-AEEE-B9C9DC543448}.Debug|Any CPU.ActiveCfg = Debug|Any CPU
		{2E96A03E-7031-43C3-AEEE-B9C9DC543448}.Debug|Any CPU.Build.0 = Debug|Any CPU
		{2E96A03E-7031-43C3-AEEE-B9C9DC543448}.Debug|x64.ActiveCfg = Debug|x64
		{2E96A03E-7031-43C3-AEEE-B9C9DC543448}.Debug|x64.Build.0 = Debug|x64
		{2E96A03E-7031-43C3-AEEE-B9C9DC543448}.Release|Any CPU.ActiveCfg = Release|Any CPU
		{2E96A03E-7031-43C3-AEEE-B9C9DC543448}.Release|Any CPU.Build.0 = Release|Any CPU
		{2E96A03E-7031-43C3-AEEE-B9C9DC543448}.Release|x64.ActiveCfg = Release|x64
		{2E96A03E-7031-43C3-AEEE-B9C9DC543448}.Release|x64.Build.0 = Release|x64
		{D746A1DB-9C71-4B76-B184-A38031879282}.Debug|Any CPU.ActiveCfg = Debug|x64
		{D746A1DB-9C71-4B76-B184-A38031879282}.Debug|x64.ActiveCfg = Debug|x64
		{D746A1DB-9C71-4B76-B184-A38031879282}.Debug|x64.Build.0 = Debug|x64
		{D746A1DB-9C71-4B76-B184-A38031879282}.Release|Any CPU.ActiveCfg = Release|x64
		{D746A1DB-9C71-4B76-B184-A38031879282}.Release|x64.ActiveCfg = Release|x64
		{D746A1DB-9C71-4B76-B184-A38031879282}.Release|x64.Build.0 = Release|x64
		{816E58DA-85A0-4272-B042-682BC6F0AA5B}.Debug|Any CPU.ActiveCfg = Debug|Any CPU
		{816E58DA-85A0-4272-B042-682BC6F0AA5B}.Debug|Any CPU.Build.0 = Debug|Any CPU
		{816E58DA-85A0-4272-B042-682BC6F0AA5B}.Debug|x64.ActiveCfg = Debug|x64
		{816E58DA-85A0-4272-B042-682BC6F0AA5B}.Debug|x64.Build.0 = Debug|x64
		{816E58DA-85A0-4272-B042-682BC6F0AA5B}.Release|Any CPU.ActiveCfg = Release|Any CPU
		{816E58DA-85A0-4272-B042-682BC6F0AA5B}.Release|Any CPU.Build.0 = Release|Any CPU
		{816E58DA-85A0-4272-B042-682BC6F0AA5B}.Release|x64.ActiveCfg = Release|x64
		{816E58DA-85A0-4272-B042-682BC6F0AA5B}.Release|x64.Build.0 = Release|x64
		{28168025-4211-4DE2-BB66-B267378F74A7}.Debug|Any CPU.ActiveCfg = Debug|Any CPU
		{28168025-4211-4DE2-BB66-B267378F74A7}.Debug|Any CPU.Build.0 = Debug|Any CPU
		{28168025-4211-4DE2-BB66-B267378F74A7}.Debug|x64.ActiveCfg = Debug|x64
		{28168025-4211-4DE2-BB66-B267378F74A7}.Debug|x64.Build.0 = Debug|x64
		{28168025-4211-4DE2-BB66-B267378F74A7}.Release|Any CPU.ActiveCfg = Release|Any CPU
		{28168025-4211-4DE2-BB66-B267378F74A7}.Release|Any CPU.Build.0 = Release|Any CPU
		{28168025-4211-4DE2-BB66-B267378F74A7}.Release|x64.ActiveCfg = Release|x64
		{28168025-4211-4DE2-BB66-B267378F74A7}.Release|x64.Build.0 = Release|x64
		{C6EA7C8A-C74F-44DF-828B-7C16B8A06329}.Debug|Any CPU.ActiveCfg = Debug|Any CPU
		{C6EA7C8A-C74F-44DF-828B-7C16B8A06329}.Debug|Any CPU.Build.0 = Debug|Any CPU
		{C6EA7C8A-C74F-44DF-828B-7C16B8A06329}.Debug|x64.ActiveCfg = Debug|x64
		{C6EA7C8A-C74F-44DF-828B-7C16B8A06329}.Debug|x64.Build.0 = Debug|x64
		{C6EA7C8A-C74F-44DF-828B-7C16B8A06329}.Release|Any CPU.ActiveCfg = Release|Any CPU
		{C6EA7C8A-C74F-44DF-828B-7C16B8A06329}.Release|Any CPU.Build.0 = Release|Any CPU
		{C6EA7C8A-C74F-44DF-828B-7C16B8A06329}.Release|x64.ActiveCfg = Release|x64
		{C6EA7C8A-C74F-44DF-828B-7C16B8A06329}.Release|x64.Build.0 = Release|x64
		{4E45833F-2658-465E-BB71-03400BBA5534}.Debug|Any CPU.ActiveCfg = Debug|Any CPU
		{4E45833F-2658-465E-BB71-03400BBA5534}.Debug|Any CPU.Build.0 = Debug|Any CPU
		{4E45833F-2658-465E-BB71-03400BBA5534}.Debug|x64.ActiveCfg = Debug|x64
		{4E45833F-2658-465E-BB71-03400BBA5534}.Debug|x64.Build.0 = Debug|x64
		{4E45833F-2658-465E-BB71-03400BBA5534}.Release|Any CPU.ActiveCfg = Release|Any CPU
		{4E45833F-2658-465E-BB71-03400BBA5534}.Release|Any CPU.Build.0 = Release|Any CPU
		{4E45833F-2658-465E-BB71-03400BBA5534}.Release|x64.ActiveCfg = Release|x64
		{4E45833F-2658-465E-BB71-03400BBA5534}.Release|x64.Build.0 = Release|x64
		{BDB5D832-BC10-4B8F-BDE0-7142646AA9CF}.Debug|Any CPU.ActiveCfg = Debug|Any CPU
		{BDB5D832-BC10-4B8F-BDE0-7142646AA9CF}.Debug|Any CPU.Build.0 = Debug|Any CPU
		{BDB5D832-BC10-4B8F-BDE0-7142646AA9CF}.Debug|x64.ActiveCfg = Debug|x64
		{BDB5D832-BC10-4B8F-BDE0-7142646AA9CF}.Debug|x64.Build.0 = Debug|x64
		{BDB5D832-BC10-4B8F-BDE0-7142646AA9CF}.Release|Any CPU.ActiveCfg = Release|Any CPU
		{BDB5D832-BC10-4B8F-BDE0-7142646AA9CF}.Release|Any CPU.Build.0 = Release|Any CPU
		{BDB5D832-BC10-4B8F-BDE0-7142646AA9CF}.Release|x64.ActiveCfg = Release|x64
		{BDB5D832-BC10-4B8F-BDE0-7142646AA9CF}.Release|x64.Build.0 = Release|x64
		{D5CD7EC0-FB57-4CBA-89E8-43E101D23CED}.Debug|Any CPU.ActiveCfg = Debug|Any CPU
		{D5CD7EC0-FB57-4CBA-89E8-43E101D23CED}.Debug|Any CPU.Build.0 = Debug|Any CPU
		{D5CD7EC0-FB57-4CBA-89E8-43E101D23CED}.Debug|x64.ActiveCfg = Debug|x64
		{D5CD7EC0-FB57-4CBA-89E8-43E101D23CED}.Debug|x64.Build.0 = Debug|x64
		{D5CD7EC0-FB57-4CBA-89E8-43E101D23CED}.Release|Any CPU.ActiveCfg = Release|Any CPU
		{D5CD7EC0-FB57-4CBA-89E8-43E101D23CED}.Release|Any CPU.Build.0 = Release|Any CPU
		{D5CD7EC0-FB57-4CBA-89E8-43E101D23CED}.Release|x64.ActiveCfg = Release|x64
		{D5CD7EC0-FB57-4CBA-89E8-43E101D23CED}.Release|x64.Build.0 = Release|x64
		{98927E06-36B9-4274-8FBE-A3AA7C774467}.Debug|Any CPU.ActiveCfg = Debug|x64
		{98927E06-36B9-4274-8FBE-A3AA7C774467}.Debug|x64.ActiveCfg = Debug|x64
		{98927E06-36B9-4274-8FBE-A3AA7C774467}.Debug|x64.Build.0 = Debug|x64
		{98927E06-36B9-4274-8FBE-A3AA7C774467}.Release|Any CPU.ActiveCfg = Release|x64
		{98927E06-36B9-4274-8FBE-A3AA7C774467}.Release|x64.ActiveCfg = Release|x64
		{98927E06-36B9-4274-8FBE-A3AA7C774467}.Release|x64.Build.0 = Release|x64
		{AC48FA6F-F041-497A-BF6E-242B2C22C8E8}.Debug|Any CPU.ActiveCfg = Debug|x64
		{AC48FA6F-F041-497A-BF6E-242B2C22C8E8}.Debug|x64.ActiveCfg = Debug|x64
		{AC48FA6F-F041-497A-BF6E-242B2C22C8E8}.Debug|x64.Build.0 = Debug|x64
		{AC48FA6F-F041-497A-BF6E-242B2C22C8E8}.Release|Any CPU.ActiveCfg = Release|x64
		{AC48FA6F-F041-497A-BF6E-242B2C22C8E8}.Release|x64.ActiveCfg = Release|x64
		{AC48FA6F-F041-497A-BF6E-242B2C22C8E8}.Release|x64.Build.0 = Release|x64
		{E50402F9-C245-4E5D-AECA-1CF1E1920237}.Debug|Any CPU.ActiveCfg = Debug|x64
		{E50402F9-C245-4E5D-AECA-1CF1E1920237}.Debug|x64.ActiveCfg = Debug|x64
		{E50402F9-C245-4E5D-AECA-1CF1E1920237}.Debug|x64.Build.0 = Debug|x64
		{E50402F9-C245-4E5D-AECA-1CF1E1920237}.Release|Any CPU.ActiveCfg = Release|x64
		{E50402F9-C245-4E5D-AECA-1CF1E1920237}.Release|x64.ActiveCfg = Release|x64
		{E50402F9-C245-4E5D-AECA-1CF1E1920237}.Release|x64.Build.0 = Release|x64
	EndGlobalSection
	GlobalSection(SolutionProperties) = preSolution
		HideSolutionNode = FALSE
	EndGlobalSection
	GlobalSection(NestedProjects) = preSolution
		{50601139-7701-46EA-82C7-6D13002B54F7} = {C86D652E-FA2B-49F0-B538-7BC16C0997ED}
		{D590E2CD-AE9D-4A03-A81F-2D45C42C1535} = {C86D652E-FA2B-49F0-B538-7BC16C0997ED}
		{82DE3BAE-BCEC-4DF8-9C46-07B7FAF4E31A} = {A974CAE4-E95E-4DC9-8B7A-6CC09F1642C5}
		{2E96A03E-7031-43C3-AEEE-B9C9DC543448} = {A974CAE4-E95E-4DC9-8B7A-6CC09F1642C5}
		{D746A1DB-9C71-4B76-B184-A38031879282} = {A974CAE4-E95E-4DC9-8B7A-6CC09F1642C5}
		{816E58DA-85A0-4272-B042-682BC6F0AA5B} = {A974CAE4-E95E-4DC9-8B7A-6CC09F1642C5}
		{28168025-4211-4DE2-BB66-B267378F74A7} = {A974CAE4-E95E-4DC9-8B7A-6CC09F1642C5}
		{C6EA7C8A-C74F-44DF-828B-7C16B8A06329} = {A974CAE4-E95E-4DC9-8B7A-6CC09F1642C5}
		{4E45833F-2658-465E-BB71-03400BBA5534} = {A974CAE4-E95E-4DC9-8B7A-6CC09F1642C5}
		{BDB5D832-BC10-4B8F-BDE0-7142646AA9CF} = {A974CAE4-E95E-4DC9-8B7A-6CC09F1642C5}
		{D5CD7EC0-FB57-4CBA-89E8-43E101D23CED} = {A974CAE4-E95E-4DC9-8B7A-6CC09F1642C5}
		{98927E06-36B9-4274-8FBE-A3AA7C774467} = {B68B0A9D-8DA9-4549-AE4F-44404C19110D}
		{AC48FA6F-F041-497A-BF6E-242B2C22C8E8} = {B68B0A9D-8DA9-4549-AE4F-44404C19110D}
		{E50402F9-C245-4E5D-AECA-1CF1E1920237} = {B68B0A9D-8DA9-4549-AE4F-44404C19110D}
	EndGlobalSection
EndGlobal
